
Microsoft Visual Studio Solution File, Format Version 12.00
# Visual Studio Version 17
VisualStudioVersion = 17.5.002.0
MinimumVisualStudioVersion = 10.0.40219.1
Project("{9A19103F-16F7-4668-BE54-9A1E7A4F7556}") = "laboratorio-i-pe-jth2121user", "laboratorio-i-pe-jth2121user.csproj", "{0D717BE3-9661-422D-BABE-3555F7230761}"
EndProject
Global
	GlobalSection(SolutionConfigurationPlatforms) = preSolution
		Debug|Any CPU = Debug|Any CPU
		Release|Any CPU = Release|Any CPU
	EndGlobalSection
	GlobalSection(ProjectConfigurationPlatforms) = postSolution
		{0D717BE3-9661-422D-BABE-3555F7230761}.Debug|Any CPU.ActiveCfg = Debug|Any CPU
		{0D717BE3-9661-422D-BABE-3555F7230761}.Debug|Any CPU.Build.0 = Debug|Any CPU
		{0D717BE3-9661-422D-BABE-3555F7230761}.Release|Any CPU.ActiveCfg = Release|Any CPU
		{0D717BE3-9661-422D-BABE-3555F7230761}.Release|Any CPU.Build.0 = Release|Any CPU
	EndGlobalSection
	GlobalSection(SolutionProperties) = preSolution
		HideSolutionNode = FALSE
	EndGlobalSection
	GlobalSection(ExtensibilityGlobals) = postSolution
		SolutionGuid = {A3962C9E-7658-43CE-8D1C-A8020A6D8136}
	EndGlobalSection
EndGlobal
